
Microsoft Visual Studio Solution File, Format Version 12.00
# Visual Studio Version 16
VisualStudioVersion = 16.0.31727.386
MinimumVisualStudioVersion = 10.0.40219.1
Project("{FAE04EC0-301F-11D3-BF4B-00C04F79EFBC}") = "TrabalhoCompDist", "TrabalhoCompDist\TrabalhoCompDist.csproj", "{BB113968-0F68-4694-9D32-830290CC1323}"
EndProject
Project("{FAE04EC0-301F-11D3-BF4B-00C04F79EFBC}") = "Api", "Api\Api.csproj", "{CD0B735C-B0F1-421F-83EC-645116BD1E72}"
	ProjectSection(ProjectDependencies) = postProject
		{BB113968-0F68-4694-9D32-830290CC1323} = {BB113968-0F68-4694-9D32-830290CC1323}
	EndProjectSection
EndProject
Project("{FAE04EC0-301F-11D3-BF4B-00C04F79EFBC}") = "IoC", "IoC\IoC.csproj", "{E977E0DF-6EAC-4B40-B6B7-079FE6327E3C}"
	ProjectSection(ProjectDependencies) = postProject
		{BB113968-0F68-4694-9D32-830290CC1323} = {BB113968-0F68-4694-9D32-830290CC1323}
	EndProjectSection
EndProject
Project("{FAE04EC0-301F-11D3-BF4B-00C04F79EFBC}") = "Infra", "Infra\Infra.csproj", "{802E98FA-ECD1-4EBD-9C56-3E2577C99935}"
EndProject
Global
	GlobalSection(SolutionConfigurationPlatforms) = preSolution
		Debug|Any CPU = Debug|Any CPU
		Release|Any CPU = Release|Any CPU
	EndGlobalSection
	GlobalSection(ProjectConfigurationPlatforms) = postSolution
		{BB113968-0F68-4694-9D32-830290CC1323}.Debug|Any CPU.ActiveCfg = Debug|Any CPU
		{BB113968-0F68-4694-9D32-830290CC1323}.Debug|Any CPU.Build.0 = Debug|Any CPU
		{BB113968-0F68-4694-9D32-830290CC1323}.Release|Any CPU.ActiveCfg = Release|Any CPU
		{BB113968-0F68-4694-9D32-830290CC1323}.Release|Any CPU.Build.0 = Release|Any CPU
		{CD0B735C-B0F1-421F-83EC-645116BD1E72}.Debug|Any CPU.ActiveCfg = Debug|Any CPU
		{CD0B735C-B0F1-421F-83EC-645116BD1E72}.Debug|Any CPU.Build.0 = Debug|Any CPU
		{CD0B735C-B0F1-421F-83EC-645116BD1E72}.Release|Any CPU.ActiveCfg = Release|Any CPU
		{CD0B735C-B0F1-421F-83EC-645116BD1E72}.Release|Any CPU.Build.0 = Release|Any CPU
		{E977E0DF-6EAC-4B40-B6B7-079FE6327E3C}.Debug|Any CPU.ActiveCfg = Debug|Any CPU
		{E977E0DF-6EAC-4B40-B6B7-079FE6327E3C}.Debug|Any CPU.Build.0 = Debug|Any CPU
		{E977E0DF-6EAC-4B40-B6B7-079FE6327E3C}.Release|Any CPU.ActiveCfg = Release|Any CPU
		{E977E0DF-6EAC-4B40-B6B7-079FE6327E3C}.Release|Any CPU.Build.0 = Release|Any CPU
		{802E98FA-ECD1-4EBD-9C56-3E2577C99935}.Debug|Any CPU.ActiveCfg = Debug|Any CPU
		{802E98FA-ECD1-4EBD-9C56-3E2577C99935}.Debug|Any CPU.Build.0 = Debug|Any CPU
		{802E98FA-ECD1-4EBD-9C56-3E2577C99935}.Release|Any CPU.ActiveCfg = Release|Any CPU
		{802E98FA-ECD1-4EBD-9C56-3E2577C99935}.Release|Any CPU.Build.0 = Release|Any CPU
	EndGlobalSection
	GlobalSection(SolutionProperties) = preSolution
		HideSolutionNode = FALSE
	EndGlobalSection
	GlobalSection(ExtensibilityGlobals) = postSolution
		SolutionGuid = {7EA9976B-92D3-4D9D-A39C-941549A5B5B6}
	EndGlobalSection
EndGlobal
